
Microsoft Visual Studio Solution File, Format Version 12.00
# Visual Studio Version 16
VisualStudioVersion = 16.0.31624.102
MinimumVisualStudioVersion = 10.0.40219.1
Project("{FAE04EC0-301F-11D3-BF4B-00C04F79EFBC}") = "glazed-donut", "glazed-donut\glazed-donut.csproj", "{A9ABC840-0E3A-44CE-B7CB-CF748A9CD422}"
EndProject
Global
	GlobalSection(SolutionConfigurationPlatforms) = preSolution
		Debug|Any CPU = Debug|Any CPU
		Release|Any CPU = Release|Any CPU
	EndGlobalSection
	GlobalSection(ProjectConfigurationPlatforms) = postSolution
		{A9ABC840-0E3A-44CE-B7CB-CF748A9CD422}.Debug|Any CPU.ActiveCfg = Debug|Any CPU
		{A9ABC840-0E3A-44CE-B7CB-CF748A9CD422}.Debug|Any CPU.Build.0 = Debug|Any CPU
		{A9ABC840-0E3A-44CE-B7CB-CF748A9CD422}.Release|Any CPU.ActiveCfg = Release|Any CPU
		{A9ABC840-0E3A-44CE-B7CB-CF748A9CD422}.Release|Any CPU.Build.0 = Release|Any CPU
	EndGlobalSection
	GlobalSection(SolutionProperties) = preSolution
		HideSolutionNode = FALSE
	EndGlobalSection
	GlobalSection(ExtensibilityGlobals) = postSolution
		SolutionGuid = {33133777-76B0-4548-8DE4-C725ED679588}
	EndGlobalSection
EndGlobal
